{
  "lockfile_version": "1",
  "packages": {
    "fluxcd@latest": {
      "last_modified": "2026-08-14T06:48:10Z",
      "resolved": "github:NixOS/nixpkgs/f2b17eb1b90f6a359082035b4538d4c63017aec3#fluxcd",
      "source": "devbox-search",
      "version": "2.9.4",
      "systems": {
        "aarch64-darwin": {
          "outputs": [
            {
              "name": "out",
              "path": "/nix/store/gk0gw5hww7ah2zq1n5akv5iraairz462-fluxcd-2.9.4",
              "default": true
            }
          ],
          "store_path": "/nix/store/gk0gw5hww7ah2zq1n5akv5iraairz462-fluxcd-2.9.4"
        },
        "aarch64-linux": {
          "outputs": [
            {
              "name": "out",
              "path": "/nix/store/qqcj496d89jkv7w39py7q6filvqw1hkm-fluxcd-2.9.4",
              "default": true
            }
          ],
          "store_path": "/nix/store/qqcj496d89jkv7w39py7q6filvqw1hkm-fluxcd-2.9.4"
        },
        "x86_64-linux": {
          "outputs": [
            {
              "name": "out",
              "path": "/nix/store/0p4dw10k06yni4p3kqxg16vfp4h0jr3i-fluxcd-2.9.4",
              "default": true
            }
          ],
          "store_path": "/nix/store/0p4dw10k06yni4p3kqxg16vfp4h0jr3i-fluxcd-2.9.4"
        }
      }
    },
    "github:NixOS/nixpkgs/nixpkgs-unstable": {
      "last_modified": "2026-08-20T07:12:19Z",
      "resolved": "github:NixOS/nixpkgs/391b592eb44808b3bd0cb80bb71b63a5a118b8bb?lastModified=1787209939&narHash=sha256-WvvHR4kSQLAbtouMC%2FruZ5UpLwlUcY3K4FAllMN%2ByGk%3D"
    },
    "just@latest": {
      "last_modified": "2026-08-12T11:28:58Z",
      "resolved": "github:NixOS/nixpkgs/044bfe75bfe4c7bbe043dc17b5e42ea823b84a09#just",
      "source": "devbox-search",
      "version": "1.58.0",
      "systems": {
        "aarch64-darwin": {
          "outputs": [
            {
              "name": "out",
              "path": "/nix/store/81jjd00c3favpnbqykknj8b38xv3xwag-just-1.58.0",
              "default": true
            },
            {
              "name": "man",
              "path": "/nix/store/prvq39qv9jhvxmc0x680llzi9yhdhxf2-just-1.58.0-man",
              "default": true
            },
            {
              "name": "doc",
              "path": "/nix/store/l0921qb0dmgqf7lv8wkrgnh9hwy45ilb-just-1.58.0-doc"
            }
          ],
          "store_path": "/nix/store/81jjd00c3favpnbqykknj8b38xv3xwag-just-1.58.0"
        },
        "aarch64-linux": {
          "outputs": [
            {
              "name": "out",
              "path": "/nix/store/25882ybvr2ynzgjmkzg65ajpk5pj0s9m-just-1.58.0",
              "default": true
            },
            {
              "name": "man",
              "path": "/nix/store/z6hgngkqhidw2rzmwssf5x4wa7043rpn-just-1.58.0-man",
              "default": true
            },
            {
              "name": "doc",
              "path": "/nix/store/qz7crf5iz73jmzs879hw4vnr62ilh4z1-just-1.58.0-doc"
            }
          ],
          "store_path": "/nix/store/25882ybvr2ynzgjmkzg65ajpk5pj0s9m-just-1.58.0"
        },
        "x86_64-linux": {
          "outputs": [
            {
              "name": "out",
              "path": "/nix/store/ni2dxycnhsp34y4qy6q44nw6pp6bj0l0-just-1.58.0",
              "default": true
            },
            {
              "name": "man",
              "path": "/nix/store/q3qkl9qssss7df0kj0p15an4rg95f5bs-just-1.58.0-man",
              "default": true
            },
            {
              "name": "doc",
              "path": "/nix/store/wwvfc48y4iiavjys7mf5ixnqh0gil0r8-just-1.58.0-doc"
            }
          ],
          "store_path": "/nix/store/ni2dxycnhsp34y4qy6q44nw6pp6bj0l0-just-1.58.0"
        }
      }
    },
    "k9s@latest": {
      "last_modified": "2026-08-12T11:28:58Z",
      "resolved": "github:NixOS/nixpkgs/044bfe75bfe4c7bbe043dc17b5e42ea823b84a09#k9s",
      "source": "devbox-search",
      "version": "0.51.0",
      "systems": {
        "aarch64-darwin": {
          "outputs": [
            {
              "name": "out",
              "path": "/nix/store/pipv7x1mlvqvykmnm9cybwkxrcv404vr-k9s-0.51.0",
              "default": true
            }
          ],
          "store_path": "/nix/store/pipv7x1mlvqvykmnm9cybwkxrcv404vr-k9s-0.51.0"
        },
        "aarch64-linux": {
          "outputs": [
            {
              "name": "out",
              "path": "/nix/store/dm811mz98431ix1hvlppjrv9641z34dp-k9s-0.51.0",
              "default": true
            }
          ],
          "store_path": "/nix/store/dm811mz98431ix1hvlppjrv9641z34dp-k9s-0.51.0"
        },
        "x86_64-darwin": {
          "outputs": [
            {
              "name": "out",
              "path": "/nix/store/b8x9cy329sqgznfv0im37nddbsphjx2m-k9s-0.51.0",
              "default": true
            }
          ],
          "store_path": "/nix/store/b8x9cy329sqgznfv0im37nddbsphjx2m-k9s-0.51.0"
        },
        "x86_64-linux": {
          "outputs": [
            {
              "name": "out",
              "path": "/nix/store/3jpc3rsd7scf2glh6lsda20l85jzfxdg-k9s-0.51.0",
              "default": true
            }
          ],
          "store_path": "/nix/store/3jpc3rsd7scf2glh6lsda20l85jzfxdg-k9s-0.51.0"
        }
      }
    },
    "kubectl@latest": {
      "last_modified": "2026-08-12T11:28:58Z",
      "resolved": "github:NixOS/nixpkgs/044bfe75bfe4c7bbe043dc17b5e42ea823b84a09#kubectl",
      "source": "devbox-search",
      "version": "1.36.3",
      "systems": {
        "aarch64-darwin": {
          "outputs": [
            {
              "name": "out",
              "path": "/nix/store/f2dn3sm4xhh3f44gni94dwqascvd7y1s-kubectl-1.36.3",
              "default": true
            },
            {
              "name": "man",
              "path": "/nix/store/zkbnrd4981plxx1dpgxzdybbv373b0w6-kubectl-1.36.3-man",
              "default": true
            },
            {
              "name": "convert",
              "path": "/nix/store/ya2y46xjl192r4jwq7y8d7djwifln25l-kubectl-1.36.3-convert"
            }
          ],
          "store_path": "/nix/store/f2dn3sm4xhh3f44gni94dwqascvd7y1s-kubectl-1.36.3"
        },
        "aarch64-linux": {
          "outputs": [
            {
              "name": "out",
              "path": "/nix/store/mwrypgbd1idjcnxrfmgif82zv06khnm6-kubectl-1.36.3",
              "default": true
            },
            {
              "name": "man",
              "path": "/nix/store/lxv9yji4ba7h4al0kvrnyh8nq28gkda0-kubectl-1.36.3-man",
              "default": true
            },
            {
              "name": "convert",
              "path": "/nix/store/24md48z9majyrscs3ggdqzlgsh43ccbk-kubectl-1.36.3-convert"
            }
          ],
          "store_path": "/nix/store/mwrypgbd1idjcnxrfmgif82zv06khnm6-kubectl-1.36.3"
        },
        "x86_64-linux": {
          "outputs": [
            {
              "name": "out",
              "path": "/nix/store/87yqi8l6g2387fjhsvrhwaxggvjychq0-kubectl-1.36.3",
              "default": true
            },
            {
              "name": "man",
              "path": "/nix/store/f6gwa9fpd9b3qvpadfsj4gpz3f6xwgsl-kubectl-1.36.3-man",
              "default": true
            },
            {
              "name": "convert",
              "path": "/nix/store/wrjbqm4adrd2hz2bncnc417mgfa46nbc-kubectl-1.36.3-convert"
            }
          ],
          "store_path": "/nix/store/87yqi8l6g2387fjhsvrhwaxggvjychq0-kubectl-1.36.3"
        }
      }
    },
    "kubernetes-helm@latest": {
      "last_modified": "2026-08-14T06:48:10Z",
      "resolved": "github:NixOS/nixpkgs/f2b17eb1b90f6a359082035b4538d4c63017aec3#kubernetes-helm",
      "source": "devbox-search",
      "version": "4.2.4",
      "systems": {
        "aarch64-darwin": {
          "outputs": [
            {
              "name": "out",
              "path": "/nix/store/zzbd5kzhdq4xh99ykhmsk9gdr3sgsdv4-kubernetes-helm-4.2.4",
              "default": true
            }
          ],
          "store_path": "/nix/store/zzbd5kzhdq4xh99ykhmsk9gdr3sgsdv4-kubernetes-helm-4.2.4"
        },
        "aarch64-linux": {
          "outputs": [
            {
              "name": "out",
              "path": "/nix/store/m15s22fr1c74qc24bqsi14zmvmh3wa02-kubernetes-helm-4.2.4",
              "default": true
            }
          ],
          "store_path": "/nix/store/m15s22fr1c74qc24bqsi14zmvmh3wa02-kubernetes-helm-4.2.4"
        },
        "x86_64-linux": {
          "outputs": [
            {
              "name": "out",
              "path": "/nix/store/g48g9scy4mz49kwjsy0fb9kkbspvkcfi-kubernetes-helm-4.2.4",
              "default": true
            }
          ],
          "store_path": "/nix/store/g48g9scy4mz49kwjsy0fb9kkbspvkcfi-kubernetes-helm-4.2.4"
        }
      }
    },
    "kustomize@latest": {
      "last_modified": "2026-08-12T11:28:58Z",
      "resolved": "github:NixOS/nixpkgs/044bfe75bfe4c7bbe043dc17b5e42ea823b84a09#kustomize",
      "source": "devbox-search",
      "version": "5.8.1",
      "systems": {
        "aarch64-darwin": {
          "outputs": [
            {
              "name": "out",
              "path": "/nix/store/wfxgyczajr2wf1fpa8vfk9v85w7v6324-kustomize-5.8.1",
              "default": true
            }
          ],
          "store_path": "/nix/store/wfxgyczajr2wf1fpa8vfk9v85w7v6324-kustomize-5.8.1"
        },
        "aarch64-linux": {
          "outputs": [
            {
              "name": "out",
              "path": "/nix/store/9izp11rszjy775fmi3d64s02fnbf4fw3-kustomize-5.8.1",
              "default": true
            }
          ],
          "store_path": "/nix/store/9izp11rszjy775fmi3d64s02fnbf4fw3-kustomize-5.8.1"
        },
        "x86_64-darwin": {
          "outputs": [
            {
              "name": "out",
              "path": "/nix/store/7hx9cv1yxfd01k33aaxay05a8pzm3gja-kustomize-5.8.1",
              "default": true
            }
          ],
          "store_path": "/nix/store/7hx9cv1yxfd01k33aaxay05a8pzm3gja-kustomize-5.8.1"
        },
        "x86_64-linux": {
          "outputs": [
            {
              "name": "out",
              "path": "/nix/store/x34jr3by8sfrmsqkbwmyjym2n27kx5mw-kustomize-5.8.1",
              "default": true
            }
          ],
          "store_path": "/nix/store/x34jr3by8sfrmsqkbwmyjym2n27kx5mw-kustomize-5.8.1"
        }
      }
    },
    "mkcert@latest": {
      "last_modified": "2026-08-12T11:28:58Z",
      "resolved": "github:NixOS/nixpkgs/044bfe75bfe4c7bbe043dc17b5e42ea823b84a09#mkcert",
      "source": "devbox-search",
      "version": "1.4.4",
      "systems": {
        "aarch64-darwin": {
          "outputs": [
            {
              "name": "out",
              "path": "/nix/store/z9liiq2npv7f51kc3q8b0qds0f1midmk-mkcert-1.4.4",
              "default": true
            }
          ],
          "store_path": "/nix/store/z9liiq2npv7f51kc3q8b0qds0f1midmk-mkcert-1.4.4"
        },
        "aarch64-linux": {
          "outputs": [
            {
              "name": "out",
              "path": "/nix/store/5dsj8mqiiq4fjw4ppm6426gqv4wrz3qs-mkcert-1.4.4",
              "default": true
            }
          ],
          "store_path": "/nix/store/5dsj8mqiiq4fjw4ppm6426gqv4wrz3qs-mkcert-1.4.4"
        },
        "x86_64-darwin": {
          "outputs": [
            {
              "name": "out",
              "path": "/nix/store/slavppbap2pj7a3pbvrji4845ldx5fjh-mkcert-1.4.4",
              "default": true
            }
          ],
          "store_path": "/nix/store/slavppbap2pj7a3pbvrji4845ldx5fjh-mkcert-1.4.4"
        },
        "x86_64-linux": {
          "outputs": [
            {
              "name": "out",
              "path": "/nix/store/fmqp8f16n2dinawm9fdwc50pngda77lh-mkcert-1.4.4",
              "default": true
            }
          ],
          "store_path": "/nix/store/fmqp8f16n2dinawm9fdwc50pngda77lh-mkcert-1.4.4"
        }
      }
    },
    "opentofu@latest": {
      "last_modified": "2026-08-12T11:28:58Z",
      "resolved": "github:NixOS/nixpkgs/044bfe75bfe4c7bbe043dc17b5e42ea823b84a09#opentofu",
      "source": "devbox-search",
      "version": "1.12.5",
      "systems": {
        "aarch64-darwin": {
          "outputs": [
            {
              "name": "out",
              "path": "/nix/store/ldwhssjz05z8qzwf2nhnqcn11qp9rbw7-opentofu-1.12.5",
              "default": true
            }
          ],
          "store_path": "/nix/store/ldwhssjz05z8qzwf2nhnqcn11qp9rbw7-opentofu-1.12.5"
        },
        "aarch64-linux": {
          "outputs": [
            {
              "name": "out",
              "path": "/nix/store/c7mig06jysmj88fg6k1hdz23hsywgg7h-opentofu-1.12.5",
              "default": true
            }
          ],
          "store_path": "/nix/store/c7mig06jysmj88fg6k1hdz23hsywgg7h-opentofu-1.12.5"
        },
        "x86_64-linux": {
          "outputs": [
            {
              "name": "out",
              "path": "/nix/store/v8n4x020rdfr57a0s3xdq46a3mdd5bk7-opentofu-1.12.5",
              "default": true
            }
          ],
          "store_path": "/nix/store/v8n4x020rdfr57a0s3xdq46a3mdd5bk7-opentofu-1.12.5"
        }
      }
    },
    "talosctl@latest": {
      "last_modified": "2026-08-16T22:25:34Z",
      "resolved": "github:NixOS/nixpkgs/21e032ff95225fb81164a2b2b696c5f6841fcb62#talosctl",
      "source": "devbox-search",
      "version": "1.13.8",
      "systems": {
        "aarch64-darwin": {
          "outputs": [
            {
              "name": "out",
              "path": "/nix/store/ns5l4427zh79q98yjs1gms89mw1ffpd6-talosctl-1.13.8",
              "default": true
            }
          ],
          "store_path": "/nix/store/ns5l4427zh79q98yjs1gms89mw1ffpd6-talosctl-1.13.8"
        },
        "aarch64-linux": {
          "outputs": [
            {
              "name": "out",
              "path": "/nix/store/0cciy57yfq213b3d2xn3bffbicfav28s-talosctl-1.13.8",
              "default": true
            }
          ],
          "store_path": "/nix/store/0cciy57yfq213b3d2xn3bffbicfav28s-talosctl-1.13.8"
        },
        "x86_64-linux": {
          "outputs": [
            {
              "name": "out",
              "path": "/nix/store/rdhfxj73lcas304w0a0mxgfqgjv8013b-talosctl-1.13.8",
              "default": true
            }
          ],
          "store_path": "/nix/store/rdhfxj73lcas304w0a0mxgfqgjv8013b-talosctl-1.13.8"
        }
      }
    }
  }
}
